
Microsoft Visual Studio Solution File, Format Version 12.00
# Visual Studio Version 17
VisualStudioVersion = 17.4.33213.308
MinimumVisualStudioVersion = 10.0.40219.1
Project("{FAE04EC0-301F-11D3-BF4B-00C04F79EFBC}") = "BagautdinovAydarSQLapp", "BdBagautdinovAidar\BagautdinovAydarSQLapp.csproj", "{EC485762-588B-4647-9D85-7BBAF2116BEA}"
EndProject
Global
	GlobalSection(SolutionConfigurationPlatforms) = preSolution
		Debug|Any CPU = Debug|Any CPU
		Release|Any CPU = Release|Any CPU
	EndGlobalSection
	GlobalSection(ProjectConfigurationPlatforms) = postSolution
		{EC485762-588B-4647-9D85-7BBAF2116BEA}.Debug|Any CPU.ActiveCfg = Debug|Any CPU
		{EC485762-588B-4647-9D85-7BBAF2116BEA}.Debug|Any CPU.Build.0 = Debug|Any CPU
		{EC485762-588B-4647-9D85-7BBAF2116BEA}.Release|Any CPU.ActiveCfg = Release|Any CPU
		{EC485762-588B-4647-9D85-7BBAF2116BEA}.Release|Any CPU.Build.0 = Release|Any CPU
	EndGlobalSection
	GlobalSection(SolutionProperties) = preSolution
		HideSolutionNode = FALSE
	EndGlobalSection
	GlobalSection(ExtensibilityGlobals) = postSolution
		SolutionGuid = {CADE5447-7481-4014-A923-1F808CA82BEF}
	EndGlobalSection
EndGlobal
